
Microsoft Visual Studio Solution File, Format Version 12.00
# Visual Studio Version 16
VisualStudioVersion = 16.0.33027.164
MinimumVisualStudioVersion = 10.0.40219.1
Project("{FAE04EC0-301F-11D3-BF4B-00C04F79EFBC}") = "MvcWithAdo", "MvcWithAdo.csproj", "{42805CA0-2354-4728-97DD-03A514444555}"
EndProject
Global
	GlobalSection(SolutionConfigurationPlatforms) = preSolution
		Debug|Any CPU = Debug|Any CPU
		Release|Any CPU = Release|Any CPU
	EndGlobalSection
	GlobalSection(ProjectConfigurationPlatforms) = postSolution
		{42805CA0-2354-4728-97DD-03A514444555}.Debug|Any CPU.ActiveCfg = Debug|Any CPU
		{42805CA0-2354-4728-97DD-03A514444555}.Debug|Any CPU.Build.0 = Debug|Any CPU
		{42805CA0-2354-4728-97DD-03A514444555}.Release|Any CPU.ActiveCfg = Release|Any CPU
		{42805CA0-2354-4728-97DD-03A514444555}.Release|Any CPU.Build.0 = Release|Any CPU
	EndGlobalSection
	GlobalSection(SolutionProperties) = preSolution
		HideSolutionNode = FALSE
	EndGlobalSection
	GlobalSection(ExtensibilityGlobals) = postSolution
		SolutionGuid = {3095825C-5E06-4074-84C7-1377D5274010}
	EndGlobalSection
EndGlobal
